
Microsoft Visual Studio Solution File, Format Version 12.00
# Visual Studio Version 16
VisualStudioVersion = 16.0.29728.190
MinimumVisualStudioVersion = 10.0.40219.1
Project("{8BC9CEB8-8B4A-11D0-8D11-00A0C91BC942}") = "SDL Test Projext 20000", "SDL Test Projext 20000.vcxproj", "{3347C3DF-DB9E-4597-A9F5-EFA449142EB9}"
EndProject
Global
	GlobalSection(SolutionConfigurationPlatforms) = preSolution
		Debug|x64 = Debug|x64
		Debug|x86 = Debug|x86
		Release|x64 = Release|x64
		Release|x86 = Release|x86
	EndGlobalSection
	GlobalSection(ProjectConfigurationPlatforms) = postSolution
		{3347C3DF-DB9E-4597-A9F5-EFA449142EB9}.Debug|x64.ActiveCfg = Debug|x64
		{3347C3DF-DB9E-4597-A9F5-EFA449142EB9}.Debug|x64.Build.0 = Debug|x64
		{3347C3DF-DB9E-4597-A9F5-EFA449142EB9}.Debug|x86.ActiveCfg = Debug|Win32
		{3347C3DF-DB9E-4597-A9F5-EFA449142EB9}.Debug|x86.Build.0 = Debug|Win32
		{3347C3DF-DB9E-4597-A9F5-EFA449142EB9}.Release|x64.ActiveCfg = Release|x64
		{3347C3DF-DB9E-4597-A9F5-EFA449142EB9}.Release|x64.Build.0 = Release|x64
		{3347C3DF-DB9E-4597-A9F5-EFA449142EB9}.Release|x86.ActiveCfg = Release|Win32
		{3347C3DF-DB9E-4597-A9F5-EFA449142EB9}.Release|x86.Build.0 = Release|Win32
	EndGlobalSection
	GlobalSection(SolutionProperties) = preSolution
		HideSolutionNode = FALSE
	EndGlobalSection
	GlobalSection(ExtensibilityGlobals) = postSolution
		SolutionGuid = {F25ECEA9-D62E-493D-89CF-7CD366616719}
	EndGlobalSection
EndGlobal
